
Microsoft Visual Studio Solution File, Format Version 12.00
# Visual Studio 15
VisualStudioVersion = 15.0.27130.2010
MinimumVisualStudioVersion = 10.0.40219.1
Project("{8BC9CEB8-8B4A-11D0-8D11-00A0C91BC942}") = "MyLib", "MyLib\MyLib.vcxproj", "{6072D281-1F41-4178-9A2F-8662D7262D24}"
EndProject
Project("{FAE04EC0-301F-11D3-BF4B-00C04F79EFBC}") = "ConsoleApp1", "ConsoleApp1\ConsoleApp1.csproj", "{6B0A559A-4187-4FEA-AB18-FA885AE446BC}"
EndProject
Project("{8BC9CEB8-8B4A-11D0-8D11-00A0C91BC942}") = "CppClient", "CppClient\CppClient.vcxproj", "{4BF7F20B-5743-459A-9DEE-AB02A16247A3}"
EndProject
Global
	GlobalSection(SolutionConfigurationPlatforms) = preSolution
		Debug|Any CPU = Debug|Any CPU
		Debug|x64 = Debug|x64
		Debug|x86 = Debug|x86
		Release|Any CPU = Release|Any CPU
		Release|x64 = Release|x64
		Release|x86 = Release|x86
	EndGlobalSection
	GlobalSection(ProjectConfigurationPlatforms) = postSolution
		{6072D281-1F41-4178-9A2F-8662D7262D24}.Debug|Any CPU.ActiveCfg = Debug|Win32
		{6072D281-1F41-4178-9A2F-8662D7262D24}.Debug|x64.ActiveCfg = Debug|x64
		{6072D281-1F41-4178-9A2F-8662D7262D24}.Debug|x64.Build.0 = Debug|x64
		{6072D281-1F41-4178-9A2F-8662D7262D24}.Debug|x86.ActiveCfg = Debug|Win32
		{6072D281-1F41-4178-9A2F-8662D7262D24}.Debug|x86.Build.0 = Debug|Win32
		{6072D281-1F41-4178-9A2F-8662D7262D24}.Release|Any CPU.ActiveCfg = Release|Win32
		{6072D281-1F41-4178-9A2F-8662D7262D24}.Release|x64.ActiveCfg = Release|x64
		{6072D281-1F41-4178-9A2F-8662D7262D24}.Release|x64.Build.0 = Release|x64
		{6072D281-1F41-4178-9A2F-8662D7262D24}.Release|x86.ActiveCfg = Release|Win32
		{6072D281-1F41-4178-9A2F-8662D7262D24}.Release|x86.Build.0 = Release|Win32
		{6B0A559A-4187-4FEA-AB18-FA885AE446BC}.Debug|Any CPU.ActiveCfg = Debug|Any CPU
		{6B0A559A-4187-4FEA-AB18-FA885AE446BC}.Debug|Any CPU.Build.0 = Debug|Any CPU
		{6B0A559A-4187-4FEA-AB18-FA885AE446BC}.Debug|x64.ActiveCfg = Debug|Any CPU
		{6B0A559A-4187-4FEA-AB18-FA885AE446BC}.Debug|x64.Build.0 = Debug|Any CPU
		{6B0A559A-4187-4FEA-AB18-FA885AE446BC}.Debug|x86.ActiveCfg = Debug|Any CPU
		{6B0A559A-4187-4FEA-AB18-FA885AE446BC}.Debug|x86.Build.0 = Debug|Any CPU
		{6B0A559A-4187-4FEA-AB18-FA885AE446BC}.Release|Any CPU.ActiveCfg = Release|Any CPU
		{6B0A559A-4187-4FEA-AB18-FA885AE446BC}.Release|Any CPU.Build.0 = Release|Any CPU
		{6B0A559A-4187-4FEA-AB18-FA885AE446BC}.Release|x64.ActiveCfg = Release|Any CPU
		{6B0A559A-4187-4FEA-AB18-FA885AE446BC}.Release|x64.Build.0 = Release|Any CPU
		{6B0A559A-4187-4FEA-AB18-FA885AE446BC}.Release|x86.ActiveCfg = Release|Any CPU
		{6B0A559A-4187-4FEA-AB18-FA885AE446BC}.Release|x86.Build.0 = Release|Any CPU
		{4BF7F20B-5743-459A-9DEE-AB02A16247A3}.Debug|Any CPU.ActiveCfg = Debug|Win32
		{4BF7F20B-5743-459A-9DEE-AB02A16247A3}.Debug|x64.ActiveCfg = Debug|x64
		{4BF7F20B-5743-459A-9DEE-AB02A16247A3}.Debug|x64.Build.0 = Debug|x64
		{4BF7F20B-5743-459A-9DEE-AB02A16247A3}.Debug|x86.ActiveCfg = Debug|Win32
		{4BF7F20B-5743-459A-9DEE-AB02A16247A3}.Debug|x86.Build.0 = Debug|Win32
		{4BF7F20B-5743-459A-9DEE-AB02A16247A3}.Release|Any CPU.ActiveCfg = Release|Win32
		{4BF7F20B-5743-459A-9DEE-AB02A16247A3}.Release|x64.ActiveCfg = Release|x64
		{4BF7F20B-5743-459A-9DEE-AB02A16247A3}.Release|x64.Build.0 = Release|x64
		{4BF7F20B-5743-459A-9DEE-AB02A16247A3}.Release|x86.ActiveCfg = Release|Win32
		{4BF7F20B-5743-459A-9DEE-AB02A16247A3}.Release|x86.Build.0 = Release|Win32
	EndGlobalSection
	GlobalSection(SolutionProperties) = preSolution
		HideSolutionNode = FALSE
	EndGlobalSection
	GlobalSection(ExtensibilityGlobals) = postSolution
		SolutionGuid = {0F78D299-5243-492D-A0EE-913854FD801C}
	EndGlobalSection
EndGlobal
